// !$*UTF8*$!
{
	archiveVersion = 1;
	classes = {
	};
	objectVersion = 46;
	objects = {

/* Begin PBXBuildFile section */
		A700C0E01AF18C9500D24EFA /* GoogleMaps.framework in Frameworks */ = {isa = PBXBuildFile; fileRef = A700C0DF1AF18C9500D24EFA /* GoogleMaps.framework */; };
		A700C0E51AF18EC700D24EFA /* CoreData.framework in Frameworks */ = {isa = PBXBuildFile; fileRef = A700C0E41AF18EC700D24EFA /* CoreData.framework */; };
		A700C0E71AF18ED200D24EFA /* CoreText.framework in Frameworks */ = {isa = PBXBuildFile; fileRef = A700C0E61AF18ED200D24EFA /* CoreText.framework */; };
		A700C0E91AF18EDB00D24EFA /* GLKit.framework in Frameworks */ = {isa = PBXBuildFile; fileRef = A700C0E81AF18EDB00D24EFA /* GLKit.framework */; };
		A700C0EB1AF18EE000D24EFA /* ImageIO.framework in Frameworks */ = {isa = PBXBuildFile; fileRef = A700C0EA1AF18EE000D24EFA /* ImageIO.framework */; };
		A700C0ED1AF18EEA00D24EFA /* libc++.dylib in Frameworks */ = {isa = PBXBuildFile; fileRef = A700C0EC1AF18EEA00D24EFA /* libc++.dylib */; };
		A700C0EF1AF18EFD00D24EFA /* libicucore.dylib in Frameworks */ = {isa = PBXBuildFile; fileRef = A700C0EE1AF18EFD00D24EFA /* libicucore.dylib */; };
		A700C0F11AF18F0B00D24EFA /* OpenGLES.framework in Frameworks */ = {isa = PBXBuildFile; fileRef = A700C0F01AF18F0B00D24EFA /* OpenGLES.framework */; };
		A700C0F61AF1928200D24EFA /* Bolts.framework in Frameworks */ = {isa = PBXBuildFile; fileRef = A700C0F41AF1928200D24EFA /* Bolts.framework */; };
		A700C0F71AF1928200D24EFA /* Parse.framework in Frameworks */ = {isa = PBXBuildFile; fileRef = A700C0F51AF1928200D24EFA /* Parse.framework */; };
		A700C0FC1AF192CA00D24EFA /* ParseCrashReporting.framework in Frameworks */ = {isa = PBXBuildFile; fileRef = A700C0F81AF192CA00D24EFA /* ParseCrashReporting.framework */; };
		A700C0FF1AF192CA00D24EFA /* ParseUI.framework in Frameworks */ = {isa = PBXBuildFile; fileRef = A700C0FB1AF192CA00D24EFA /* ParseUI.framework */; };
		A700C1151AF1982800D24EFA /* libstdc++.6.dylib in Frameworks */ = {isa = PBXBuildFile; fileRef = A700C1141AF1982800D24EFA /* libstdc++.6.dylib */; };
		A700C11F1AF198BA00D24EFA /* FBAudienceNetwork.framework in Frameworks */ = {isa = PBXBuildFile; fileRef = A700C11A1AF198BA00D24EFA /* FBAudienceNetwork.framework */; };
		A700C1201AF198BA00D24EFA /* FBSDKCoreKit.framework in Frameworks */ = {isa = PBXBuildFile; fileRef = A700C11B1AF198BA00D24EFA /* FBSDKCoreKit.framework */; };
		A700C1211AF198BA00D24EFA /* FBSDKLoginKit.framework in Frameworks */ = {isa = PBXBuildFile; fileRef = A700C11C1AF198BA00D24EFA /* FBSDKLoginKit.framework */; };
		A700C1221AF198BA00D24EFA /* FBSDKMessengerShareKit.framework in Frameworks */ = {isa = PBXBuildFile; fileRef = A700C11D1AF198BA00D24EFA /* FBSDKMessengerShareKit.framework */; };
		A700C1231AF198BA00D24EFA /* FBSDKShareKit.framework in Frameworks */ = {isa = PBXBuildFile; fileRef = A700C11E1AF198BA00D24EFA /* FBSDKShareKit.framework */; };
		A700C1251AF1AF8500D24EFA /* GoogleMaps.bundle in Resources */ = {isa = PBXBuildFile; fileRef = A700C1241AF1AF8500D24EFA /* GoogleMaps.bundle */; };
		A72B64381AEF051F00C84DE5 /* AppDelegate.m in Sources */ = {isa = PBXBuildFile; fileRef = A72B64281AEF051F00C84DE5 /* AppDelegate.m */; };
		A72B64391AEF051F00C84DE5 /* CameraButton.png in Resources */ = {isa = PBXBuildFile; fileRef = A72B64291AEF051F00C84DE5 /* CameraButton.png */; };
		A72B643A1AEF051F00C84DE5 /* ContactsTableTableViewController.m in Sources */ = {isa = PBXBuildFile; fileRef = A72B642B1AEF051F00C84DE5 /* ContactsTableTableViewController.m */; };
		A72B643B1AEF051F00C84DE5 /* frontCamera.png in Resources */ = {isa = PBXBuildFile; fileRef = A72B642C1AEF051F00C84DE5 /* frontCamera.png */; };
		A72B643C1AEF051F00C84DE5 /* Images.xcassets in Resources */ = {isa = PBXBuildFile; fileRef = A72B642D1AEF051F00C84DE5 /* Images.xcassets */; };
		A72B643E1AEF051F00C84DE5 /* LaunchScreen.xib in Resources */ = {isa = PBXBuildFile; fileRef = A72B642F1AEF051F00C84DE5 /* LaunchScreen.xib */; };
		A72B64431AEF051F00C84DE5 /* viewButton.png in Resources */ = {isa = PBXBuildFile; fileRef = A72B64351AEF051F00C84DE5 /* viewButton.png */; };
		A72B64441AEF051F00C84DE5 /* ViewController.m in Sources */ = {isa = PBXBuildFile; fileRef = A72B64371AEF051F00C84DE5 /* ViewController.m */; };
		A72B64471AEF054800C84DE5 /* Info.plist in Resources */ = {isa = PBXBuildFile; fileRef = A72B64451AEF054800C84DE5 /* Info.plist */; };
		A72B644C1AEF065500C84DE5 /* Main.storyboard in Resources */ = {isa = PBXBuildFile; fileRef = A72B644B1AEF065500C84DE5 /* Main.storyboard */; };
		A73C9F8F1B1BE9B80023FA8F /* main.m in Sources */ = {isa = PBXBuildFile; fileRef = A73C9F8E1B1BE9B80023FA8F /* main.m */; };
		A76CAE9B1B3C8FE800A0F598 /* CameraViewController.m in Sources */ = {isa = PBXBuildFile; fileRef = A76CAE9A1B3C8FE800A0F598 /* CameraViewController.m */; };
		A76CAE9E1B3CA2B000A0F598 /* checkButton.png in Resources */ = {isa = PBXBuildFile; fileRef = A76CAE9C1B3CA2B000A0F598 /* checkButton.png */; };
		A76CAE9F1B3CA2B000A0F598 /* Xbutton.png in Resources */ = {isa = PBXBuildFile; fileRef = A76CAE9D1B3CA2B000A0F598 /* Xbutton.png */; };
		A76CAEA11B3CAC5300A0F598 /* bottomBarPin.png in Resources */ = {isa = PBXBuildFile; fileRef = A76CAEA01B3CAC5300A0F598 /* bottomBarPin.png */; };
		A76CAEA31B3CAD4F00A0F598 /* bottomBarCamera.png in Resources */ = {isa = PBXBuildFile; fileRef = A76CAEA21B3CAD4F00A0F598 /* bottomBarCamera.png */; };
		A76CAEA51B3CAE0F00A0F598 /* bottomBarContacts.png in Resources */ = {isa = PBXBuildFile; fileRef = A76CAEA41B3CAE0F00A0F598 /* bottomBarContacts.png */; };
		A7984E701B1A972D00692E01 /* InfoWindow.xib in Resources */ = {isa = PBXBuildFile; fileRef = A7984E6F1B1A972D00692E01 /* InfoWindow.xib */; };
		A7A0EECE1B3473F90044AB3B /* infoWindow.png in Resources */ = {isa = PBXBuildFile; fileRef = A7A0EECD1B3473F90044AB3B /* infoWindow.png */; };
		A7A0EEDC1B3475860044AB3B /* CustomInfoWindow.m in Sources */ = {isa = PBXBuildFile; fileRef = A7A0EEDB1B3475860044AB3B /* CustomInfoWindow.m */; };
		A7A0EEE01B3478460044AB3B /* infoWindowPolaroid.png in Resources */ = {isa = PBXBuildFile; fileRef = A7A0EEDF1B3478460044AB3B /* infoWindowPolaroid.png */; };
		A7A0EEE51B3479370044AB3B /* infoLikesIcon.png in Resources */ = {isa = PBXBuildFile; fileRef = A7A0EEE21B3479370044AB3B /* infoLikesIcon.png */; };
		A7A0EEE61B3479370044AB3B /* infoViewsIcon.png in Resources */ = {isa = PBXBuildFile; fileRef = A7A0EEE31B3479370044AB3B /* infoViewsIcon.png */; };
		A7CEC6BD1B1132870077D6E4 /* eye.png in Resources */ = {isa = PBXBuildFile; fileRef = A7CEC6BC1B1132870077D6E4 /* eye.png */; };
		A7CEC6C81B117A080077D6E4 /* CoreMedia.framework in Frameworks */ = {isa = PBXBuildFile; fileRef = A7CEC6C71B117A080077D6E4 /* CoreMedia.framework */; };
		A7CEC6CA1B117A0E0077D6E4 /* CoreVideo.framework in Frameworks */ = {isa = PBXBuildFile; fileRef = A7CEC6C91B117A0E0077D6E4 /* CoreVideo.framework */; };
		A7CFE6621AED4E110054D33D /* AudioToolbox.framework in Frameworks */ = {isa = PBXBuildFile; fileRef = A7CFE6611AED4E110054D33D /* AudioToolbox.framework */; };
		A7CFE6641AED4E150054D33D /* CFNetwork.framework in Frameworks */ = {isa = PBXBuildFile; fileRef = A7CFE6631AED4E150054D33D /* CFNetwork.framework */; };
		A7CFE6661AED4E230054D33D /* CoreLocation.framework in Frameworks */ = {isa = PBXBuildFile; fileRef = A7CFE6651AED4E230054D33D /* CoreLocation.framework */; };
		A7CFE6681AED4E2E0054D33D /* MobileCoreServices.framework in Frameworks */ = {isa = PBXBuildFile; fileRef = A7CFE6671AED4E2E0054D33D /* MobileCoreServices.framework */; };
		A7CFE66A1AED4E320054D33D /* QuartzCore.framework in Frameworks */ = {isa = PBXBuildFile; fileRef = A7CFE6691AED4E320054D33D /* QuartzCore.framework */; };
		A7CFE66C1AED4E3A0054D33D /* Security.framework in Frameworks */ = {isa = PBXBuildFile; fileRef = A7CFE66B1AED4E3A0054D33D /* Security.framework */; };
		A7CFE66E1AED4E3F0054D33D /* StoreKit.framework in Frameworks */ = {isa = PBXBuildFile; fileRef = A7CFE66D1AED4E3F0054D33D /* StoreKit.framework */; };
		A7CFE6701AED4E470054D33D /* SystemConfiguration.framework in Frameworks */ = {isa = PBXBuildFile; fileRef = A7CFE66F1AED4E470054D33D /* SystemConfiguration.framework */; };
		A7CFE6721AED4E520054D33D /* libz.dylib in Frameworks */ = {isa = PBXBuildFile; fileRef = A7CFE6711AED4E520054D33D /* libz.dylib */; };
		A7CFE6741AED4E5F0054D33D /* libsqlite3.dylib in Frameworks */ = {isa = PBXBuildFile; fileRef = A7CFE6731AED4E5F0054D33D /* libsqlite3.dylib */; };
		A7CFE6761AED4E6D0054D33D /* Accounts.framework in Frameworks */ = {isa = PBXBuildFile; fileRef = A7CFE6751AED4E6D0054D33D /* Accounts.framework */; };
		A7CFE6781AED4E720054D33D /* Social.framework in Frameworks */ = {isa = PBXBuildFile; fileRef = A7CFE6771AED4E720054D33D /* Social.framework */; };
		A7D8C7C31AEDC74B00DD3725 /* Crashlytics.framework in Frameworks */ = {isa = PBXBuildFile; fileRef = A7D8C7C21AEDC74B00DD3725 /* Crashlytics.framework */; };
		A7E0685B1AE9A33600AAEB1B /* MapKit.framework in Frameworks */ = {isa = PBXBuildFile; fileRef = A7E0685A1AE9A33600AAEB1B /* MapKit.framework */; };
		A7E0685D1AE9A3C000AAEB1B /* UIKit.framework in Frameworks */ = {isa = PBXBuildFile; fileRef = A7E0685C1AE9A3C000AAEB1B /* UIKit.framework */; };
		A7E0685F1AE9A3D900AAEB1B /* Foundation.framework in Frameworks */ = {isa = PBXBuildFile; fileRef = A7E0685E1AE9A3D900AAEB1B /* Foundation.framework */; };
		A7E068611AE9A3DE00AAEB1B /* AVFoundation.framework in Frameworks */ = {isa = PBXBuildFile; fileRef = A7E068601AE9A3DE00AAEB1B /* AVFoundation.framework */; };
		A7E068631AE9A3E500AAEB1B /* CoreGraphics.framework in Frameworks */ = {isa = PBXBuildFile; fileRef = A7E068621AE9A3E500AAEB1B /* CoreGraphics.framework */; };
/* End PBXBuildFile section */

/* Begin PBXContainerItemProxy section */
		A7B3E85F1AE724E900FBEACD /* PBXContainerItemProxy */ = {
			isa = PBXContainerItemProxy;
			containerPortal = A7B3E83D1AE724E900FBEACD /* Project object */;
			proxyType = 1;
			remoteGlobalIDString = A7B3E8441AE724E900FBEACD;
			remoteInfo = SnapTrail;
		};
/* End PBXContainerItemProxy section */

/* Begin PBXFileReference section */
		A700C0DF1AF18C9500D24EFA /* GoogleMaps.framework */ = {isa = PBXFileReference; lastKnownFileType = wrapper.framework; path = GoogleMaps.framework; sourceTree = "<group>"; };
		A700C0E41AF18EC700D24EFA /* CoreData.framework */ = {isa = PBXFileReference; lastKnownFileType = wrapper.framework; name = CoreData.framework; path = System/Library/Frameworks/CoreData.framework; sourceTree = SDKROOT; };
		A700C0E61AF18ED200D24EFA /* CoreText.framework */ = {isa = PBXFileReference; lastKnownFileType = wrapper.framework; name = CoreText.framework; path = System/Library/Frameworks/CoreText.framework; sourceTree = SDKROOT; };
		A700C0E81AF18EDB00D24EFA /* GLKit.framework */ = {isa = PBXFileReference; lastKnownFileType = wrapper.framework; name = GLKit.framework; path = System/Library/Frameworks/GLKit.framework; sourceTree = SDKROOT; };
		A700C0EA1AF18EE000D24EFA /* ImageIO.framework */ = {isa = PBXFileReference; lastKnownFileType = wrapper.framework; name = ImageIO.framework; path = System/Library/Frameworks/ImageIO.framework; sourceTree = SDKROOT; };
		A700C0EC1AF18EEA00D24EFA /* libc++.dylib */ = {isa = PBXFileReference; lastKnownFileType = "compiled.mach-o.dylib"; name = "libc++.dylib"; path = "usr/lib/libc++.dylib"; sourceTree = SDKROOT; };
		A700C0EE1AF18EFD00D24EFA /* libicucore.dylib */ = {isa = PBXFileReference; lastKnownFileType = "compiled.mach-o.dylib"; name = libicucore.dylib; path = usr/lib/libicucore.dylib; sourceTree = SDKROOT; };
		A700C0F01AF18F0B00D24EFA /* OpenGLES.framework */ = {isa = PBXFileReference; lastKnownFileType = wrapper.framework; name = OpenGLES.framework; path = System/Library/Frameworks/OpenGLES.framework; sourceTree = SDKROOT; };
		A700C0F41AF1928200D24EFA /* Bolts.framework */ = {isa = PBXFileReference; lastKnownFileType = wrapper.framework; path = Bolts.framework; sourceTree = "<group>"; };
		A700C0F51AF1928200D24EFA /* Parse.framework */ = {isa = PBXFileReference; lastKnownFileType = wrapper.framework; path = Parse.framework; sourceTree = "<group>"; };
		A700C0F81AF192CA00D24EFA /* ParseCrashReporting.framework */ = {isa = PBXFileReference; lastKnownFileType = wrapper.framework; path = ParseCrashReporting.framework; sourceTree = "<group>"; };
		A700C0FB1AF192CA00D24EFA /* ParseUI.framework */ = {isa = PBXFileReference; lastKnownFileType = wrapper.framework; path = ParseUI.framework; sourceTree = "<group>"; };
		A700C1141AF1982800D24EFA /* libstdc++.6.dylib */ = {isa = PBXFileReference; lastKnownFileType = "compiled.mach-o.dylib"; name = "libstdc++.6.dylib"; path = "usr/lib/libstdc++.6.dylib"; sourceTree = SDKROOT; };
		A700C11A1AF198BA00D24EFA /* FBAudienceNetwork.framework */ = {isa = PBXFileReference; lastKnownFileType = wrapper.framework; path = FBAudienceNetwork.framework; sourceTree = "<group>"; };
		A700C11B1AF198BA00D24EFA /* FBSDKCoreKit.framework */ = {isa = PBXFileReference; lastKnownFileType = wrapper.framework; path = FBSDKCoreKit.framework; sourceTree = "<group>"; };
		A700C11C1AF198BA00D24EFA /* FBSDKLoginKit.framework */ = {isa = PBXFileReference; lastKnownFileType = wrapper.framework; path = FBSDKLoginKit.framework; sourceTree = "<group>"; };
		A700C11D1AF198BA00D24EFA /* FBSDKMessengerShareKit.framework */ = {isa = PBXFileReference; lastKnownFileType = wrapper.framework; path = FBSDKMessengerShareKit.framework; sourceTree = "<group>"; };
		A700C11E1AF198BA00D24EFA /* FBSDKShareKit.framework */ = {isa = PBXFileReference; lastKnownFileType = wrapper.framework; path = FBSDKShareKit.framework; sourceTree = "<group>"; };
		A700C1241AF1AF8500D24EFA /* GoogleMaps.bundle */ = {isa = PBXFileReference; lastKnownFileType = "wrapper.plug-in"; name = GoogleMaps.bundle; path = GoogleMaps.framework/Versions/A/Headers/GoogleMaps.bundle; sourceTree = "<group>"; };
		A72B64271AEF051F00C84DE5 /* AppDelegate.h */ = {isa = PBXFileReference; fileEncoding = 4; lastKnownFileType = sourcecode.c.h; name = AppDelegate.h; path = GeoTrail/AppDelegate.h; sourceTree = SOURCE_ROOT; };
		A72B64281AEF051F00C84DE5 /* AppDelegate.m */ = {isa = PBXFileReference; fileEncoding = 4; lastKnownFileType = sourcecode.c.objc; name = AppDelegate.m; path = GeoTrail/AppDelegate.m; sourceTree = SOURCE_ROOT; };
		A72B64291AEF051F00C84DE5 /* CameraButton.png */ = {isa = PBXFileReference; lastKnownFileType = image.png; name = CameraButton.png; path = GeoTrail/CameraButton.png; sourceTree = SOURCE_ROOT; };
		A72B642A1AEF051F00C84DE5 /* ContactsTableTableViewController.h */ = {isa = PBXFileReference; fileEncoding = 4; lastKnownFileType = sourcecode.c.h; name = ContactsTableTableViewController.h; path = GeoTrail/ContactsTableTableViewController.h; sourceTree = SOURCE_ROOT; };
		A72B642B1AEF051F00C84DE5 /* ContactsTableTableViewController.m */ = {isa = PBXFileReference; fileEncoding = 4; lastKnownFileType = sourcecode.c.objc; name = ContactsTableTableViewController.m; path = GeoTrail/ContactsTableTableViewController.m; sourceTree = SOURCE_ROOT; };
		A72B642C1AEF051F00C84DE5 /* frontCamera.png */ = {isa = PBXFileReference; lastKnownFileType = image.png; name = frontCamera.png; path = GeoTrail/frontCamera.png; sourceTree = SOURCE_ROOT; };
		A72B642D1AEF051F00C84DE5 /* Images.xcassets */ = {isa = PBXFileReference; lastKnownFileType = folder.assetcatalog; name = Images.xcassets; path = GeoTrail/Images.xcassets; sourceTree = SOURCE_ROOT; };
		A72B642E1AEF051F00C84DE5 /* Info.plist */ = {isa = PBXFileReference; fileEncoding = 4; lastKnownFileType = text.plist.xml; name = Info.plist; path = GeoTrail/Info.plist; sourceTree = SOURCE_ROOT; };
		A72B642F1AEF051F00C84DE5 /* LaunchScreen.xib */ = {isa = PBXFileReference; fileEncoding = 4; lastKnownFileType = file.xib; name = LaunchScreen.xib; path = GeoTrail/LaunchScreen.xib; sourceTree = SOURCE_ROOT; };
		A72B64351AEF051F00C84DE5 /* viewButton.png */ = {isa = PBXFileReference; lastKnownFileType = image.png; name = viewButton.png; path = GeoTrail/viewButton.png; sourceTree = SOURCE_ROOT; };
		A72B64361AEF051F00C84DE5 /* ViewController.h */ = {isa = PBXFileReference; fileEncoding = 4; lastKnownFileType = sourcecode.c.h; name = ViewController.h; path = GeoTrail/ViewController.h; sourceTree = SOURCE_ROOT; };
		A72B64371AEF051F00C84DE5 /* ViewController.m */ = {isa = PBXFileReference; fileEncoding = 4; lastKnownFileType = sourcecode.c.objc; name = ViewController.m; path = GeoTrail/ViewController.m; sourceTree = SOURCE_ROOT; };
		A72B64451AEF054800C84DE5 /* Info.plist */ = {isa = PBXFileReference; fileEncoding = 4; lastKnownFileType = text.plist.xml; name = Info.plist; path = GeoTrailTests/Info.plist; sourceTree = SOURCE_ROOT; };
		A72B644B1AEF065500C84DE5 /* Main.storyboard */ = {isa = PBXFileReference; fileEncoding = 4; lastKnownFileType = file.storyboard; name = Main.storyboard; path = GeoTrail/Main.storyboard; sourceTree = SOURCE_ROOT; };
		A73C9F8E1B1BE9B80023FA8F /* main.m */ = {isa = PBXFileReference; fileEncoding = 4; lastKnownFileType = sourcecode.c.objc; name = main.m; path = GeoTrail/main.m; sourceTree = SOURCE_ROOT; };
		A76CAE991B3C8FE800A0F598 /* CameraViewController.h */ = {isa = PBXFileReference; fileEncoding = 4; lastKnownFileType = sourcecode.c.h; name = CameraViewController.h; path = GeoTrail/CameraViewController.h; sourceTree = SOURCE_ROOT; };
		A76CAE9A1B3C8FE800A0F598 /* CameraViewController.m */ = {isa = PBXFileReference; fileEncoding = 4; lastKnownFileType = sourcecode.c.objc; name = CameraViewController.m; path = GeoTrail/CameraViewController.m; sourceTree = SOURCE_ROOT; };
		A76CAE9C1B3CA2B000A0F598 /* checkButton.png */ = {isa = PBXFileReference; lastKnownFileType = image.png; name = checkButton.png; path = GeoTrail/checkButton.png; sourceTree = SOURCE_ROOT; };
		A76CAE9D1B3CA2B000A0F598 /* Xbutton.png */ = {isa = PBXFileReference; lastKnownFileType = image.png; name = Xbutton.png; path = GeoTrail/Xbutton.png; sourceTree = SOURCE_ROOT; };
		A76CAEA01B3CAC5300A0F598 /* bottomBarPin.png */ = {isa = PBXFileReference; lastKnownFileType = image.png; name = bottomBarPin.png; path = GeoTrail/bottomBarPin.png; sourceTree = SOURCE_ROOT; };
		A76CAEA21B3CAD4F00A0F598 /* bottomBarCamera.png */ = {isa = PBXFileReference; lastKnownFileType = image.png; name = bottomBarCamera.png; path = GeoTrail/bottomBarCamera.png; sourceTree = SOURCE_ROOT; };
		A76CAEA41B3CAE0F00A0F598 /* bottomBarContacts.png */ = {isa = PBXFileReference; lastKnownFileType = image.png; name = bottomBarContacts.png; path = GeoTrail/bottomBarContacts.png; sourceTree = SOURCE_ROOT; };
		A7984E6F1B1A972D00692E01 /* InfoWindow.xib */ = {isa = PBXFileReference; fileEncoding = 4; lastKnownFileType = file.xib; name = InfoWindow.xib; path = GeoTrail/InfoWindow.xib; sourceTree = SOURCE_ROOT; };
		A7A0EECD1B3473F90044AB3B /* infoWindow.png */ = {isa = PBXFileReference; lastKnownFileType = image.png; name = infoWindow.png; path = GeoTrail/infoWindow.png; sourceTree = SOURCE_ROOT; };
		A7A0EEDA1B3475860044AB3B /* CustomInfoWindow.h */ = {isa = PBXFileReference; fileEncoding = 4; lastKnownFileType = sourcecode.c.h; name = CustomInfoWindow.h; path = GeoTrail/CustomInfoWindow.h; sourceTree = SOURCE_ROOT; };
		A7A0EEDB1B3475860044AB3B /* CustomInfoWindow.m */ = {isa = PBXFileReference; fileEncoding = 4; lastKnownFileType = sourcecode.c.objc; name = CustomInfoWindow.m; path = GeoTrail/CustomInfoWindow.m; sourceTree = SOURCE_ROOT; };
		A7A0EEDF1B3478460044AB3B /* infoWindowPolaroid.png */ = {isa = PBXFileReference; lastKnownFileType = image.png; name = infoWindowPolaroid.png; path = GeoTrail/infoWindowPolaroid.png; sourceTree = SOURCE_ROOT; };
		A7A0EEE21B3479370044AB3B /* infoLikesIcon.png */ = {isa = PBXFileReference; lastKnownFileType = image.png; name = infoLikesIcon.png; path = GeoTrail/infoLikesIcon.png; sourceTree = SOURCE_ROOT; };
		A7A0EEE31B3479370044AB3B /* infoViewsIcon.png */ = {isa = PBXFileReference; lastKnownFileType = image.png; name = infoViewsIcon.png; path = GeoTrail/infoViewsIcon.png; sourceTree = SOURCE_ROOT; };
		A7B3E8451AE724E900FBEACD /* GeoTrail.app */ = {isa = PBXFileReference; explicitFileType = wrapper.application; includeInIndex = 0; path = GeoTrail.app; sourceTree = BUILT_PRODUCTS_DIR; };
		A7B3E85E1AE724E900FBEACD /* GeoTrailTests.xctest */ = {isa = PBXFileReference; explicitFileType = wrapper.cfbundle; includeInIndex = 0; path = GeoTrailTests.xctest; sourceTree = BUILT_PRODUCTS_DIR; };
		A7CEC6BC1B1132870077D6E4 /* eye.png */ = {isa = PBXFileReference; lastKnownFileType = image.png; name = eye.png; path = GeoTrail/eye.png; sourceTree = SOURCE_ROOT; };
		A7CEC6C71B117A080077D6E4 /* CoreMedia.framework */ = {isa = PBXFileReference; lastKnownFileType = wrapper.framework; name = CoreMedia.framework; path = System/Library/Frameworks/CoreMedia.framework; sourceTree = SDKROOT; };
		A7CEC6C91B117A0E0077D6E4 /* CoreVideo.framework */ = {isa = PBXFileReference; lastKnownFileType = wrapper.framework; name = CoreVideo.framework; path = System/Library/Frameworks/CoreVideo.framework; sourceTree = SDKROOT; };
		A7CFE6611AED4E110054D33D /* AudioToolbox.framework */ = {isa = PBXFileReference; lastKnownFileType = wrapper.framework; name = AudioToolbox.framework; path = System/Library/Frameworks/AudioToolbox.framework; sourceTree = SDKROOT; };
		A7CFE6631AED4E150054D33D /* CFNetwork.framework */ = {isa = PBXFileReference; lastKnownFileType = wrapper.framework; name = CFNetwork.framework; path = System/Library/Frameworks/CFNetwork.framework; sourceTree = SDKROOT; };
		A7CFE6651AED4E230054D33D /* CoreLocation.framework */ = {isa = PBXFileReference; lastKnownFileType = wrapper.framework; name = CoreLocation.framework; path = System/Library/Frameworks/CoreLocation.framework; sourceTree = SDKROOT; };
		A7CFE6671AED4E2E0054D33D /* MobileCoreServices.framework */ = {isa = PBXFileReference; lastKnownFileType = wrapper.framework; name = MobileCoreServices.framework; path = System/Library/Frameworks/MobileCoreServices.framework; sourceTree = SDKROOT; };
		A7CFE6691AED4E320054D33D /* QuartzCore.framework */ = {isa = PBXFileReference; lastKnownFileType = wrapper.framework; name = QuartzCore.framework; path = System/Library/Frameworks/QuartzCore.framework; sourceTree = SDKROOT; };
		A7CFE66B1AED4E3A0054D33D /* Security.framework */ = {isa = PBXFileReference; lastKnownFileType = wrapper.framework; name = Security.framework; path = System/Library/Frameworks/Security.framework; sourceTree = SDKROOT; };
		A7CFE66D1AED4E3F0054D33D /* StoreKit.framework */ = {isa = PBXFileReference; lastKnownFileType = wrapper.framework; name = StoreKit.framework; path = System/Library/Frameworks/StoreKit.framework; sourceTree = SDKROOT; };
		A7CFE66F1AED4E470054D33D /* SystemConfiguration.framework */ = {isa = PBXFileReference; lastKnownFileType = wrapper.framework; name = SystemConfiguration.framework; path = System/Library/Frameworks/SystemConfiguration.framework; sourceTree = SDKROOT; };
		A7CFE6711AED4E520054D33D /* libz.dylib */ = {isa = PBXFileReference; lastKnownFileType = "compiled.mach-o.dylib"; name = libz.dylib; path = usr/lib/libz.dylib; sourceTree = SDKROOT; };
		A7CFE6731AED4E5F0054D33D /* libsqlite3.dylib */ = {isa = PBXFileReference; lastKnownFileType = "compiled.mach-o.dylib"; name = libsqlite3.dylib; path = usr/lib/libsqlite3.dylib; sourceTree = SDKROOT; };
		A7CFE6751AED4E6D0054D33D /* Accounts.framework */ = {isa = PBXFileReference; lastKnownFileType = wrapper.framework; name = Accounts.framework; path = System/Library/Frameworks/Accounts.framework; sourceTree = SDKROOT; };
		A7CFE6771AED4E720054D33D /* Social.framework */ = {isa = PBXFileReference; lastKnownFileType = wrapper.framework; name = Social.framework; path = System/Library/Frameworks/Social.framework; sourceTree = SDKROOT; };
		A7D8C7C21AEDC74B00DD3725 /* Crashlytics.framework */ = {isa = PBXFileReference; lastKnownFileType = wrapper.framework; path = Crashlytics.framework; sourceTree = "<group>"; };
		A7E0685A1AE9A33600AAEB1B /* MapKit.framework */ = {isa = PBXFileReference; lastKnownFileType = wrapper.framework; name = MapKit.framework; path = System/Library/Frameworks/MapKit.framework; sourceTree = SDKROOT; };
		A7E0685C1AE9A3C000AAEB1B /* UIKit.framework */ = {isa = PBXFileReference; lastKnownFileType = wrapper.framework; name = UIKit.framework; path = System/Library/Frameworks/UIKit.framework; sourceTree = SDKROOT; };
		A7E0685E1AE9A3D900AAEB1B /* Foundation.framework */ = {isa = PBXFileReference; lastKnownFileType = wrapper.framework; name = Foundation.framework; path = System/Library/Frameworks/Foundation.framework; sourceTree = SDKROOT; };
		A7E068601AE9A3DE00AAEB1B /* AVFoundation.framework */ = {isa = PBXFileReference; lastKnownFileType = wrapper.framework; name = AVFoundation.framework; path = System/Library/Frameworks/AVFoundation.framework; sourceTree = SDKROOT; };
		A7E068621AE9A3E500AAEB1B /* CoreGraphics.framework */ = {isa = PBXFileReference; lastKnownFileType = wrapper.framework; name = CoreGraphics.framework; path = System/Library/Frameworks/CoreGraphics.framework; sourceTree = SDKROOT; };
/* End PBXFileReference section */

/* Begin PBXFrameworksBuildPhase section */
		A7B3E8421AE724E900FBEACD /* Frameworks */ = {
			isa = PBXFrameworksBuildPhase;
			buildActionMask = 2147483647;
			files = (
				A7CEC6CA1B117A0E0077D6E4 /* CoreVideo.framework in Frameworks */,
				A7CEC6C81B117A080077D6E4 /* CoreMedia.framework in Frameworks */,
				A7CFE66A1AED4E320054D33D /* QuartzCore.framework in Frameworks */,
				A700C1151AF1982800D24EFA /* libstdc++.6.dylib in Frameworks */,
				A700C0FC1AF192CA00D24EFA /* ParseCrashReporting.framework in Frameworks */,
				A700C0FF1AF192CA00D24EFA /* ParseUI.framework in Frameworks */,
				A700C0F61AF1928200D24EFA /* Bolts.framework in Frameworks */,
				A700C0F71AF1928200D24EFA /* Parse.framework in Frameworks */,
				A700C0F11AF18F0B00D24EFA /* OpenGLES.framework in Frameworks */,
				A700C1201AF198BA00D24EFA /* FBSDKCoreKit.framework in Frameworks */,
				A700C1211AF198BA00D24EFA /* FBSDKLoginKit.framework in Frameworks */,
				A700C1221AF198BA00D24EFA /* FBSDKMessengerShareKit.framework in Frameworks */,
				A700C1231AF198BA00D24EFA /* FBSDKShareKit.framework in Frameworks */,
				A700C0EF1AF18EFD00D24EFA /* libicucore.dylib in Frameworks */,
				A700C0ED1AF18EEA00D24EFA /* libc++.dylib in Frameworks */,
				A700C0EB1AF18EE000D24EFA /* ImageIO.framework in Frameworks */,
				A700C0E91AF18EDB00D24EFA /* GLKit.framework in Frameworks */,
				A700C0E71AF18ED200D24EFA /* CoreText.framework in Frameworks */,
				A700C0E51AF18EC700D24EFA /* CoreData.framework in Frameworks */,
				A700C0E01AF18C9500D24EFA /* GoogleMaps.framework in Frameworks */,
				A7D8C7C31AEDC74B00DD3725 /* Crashlytics.framework in Frameworks */,
				A7CFE6781AED4E720054D33D /* Social.framework in Frameworks */,
				A7CFE6761AED4E6D0054D33D /* Accounts.framework in Frameworks */,
				A7CFE6741AED4E5F0054D33D /* libsqlite3.dylib in Frameworks */,
				A700C11F1AF198BA00D24EFA /* FBAudienceNetwork.framework in Frameworks */,
				A7CFE6721AED4E520054D33D /* libz.dylib in Frameworks */,
				A7CFE6701AED4E470054D33D /* SystemConfiguration.framework in Frameworks */,
				A7CFE66E1AED4E3F0054D33D /* StoreKit.framework in Frameworks */,
				A7CFE66C1AED4E3A0054D33D /* Security.framework in Frameworks */,
				A7CFE6681AED4E2E0054D33D /* MobileCoreServices.framework in Frameworks */,
				A7CFE6661AED4E230054D33D /* CoreLocation.framework in Frameworks */,
				A7CFE6641AED4E150054D33D /* CFNetwork.framework in Frameworks */,
				A7CFE6621AED4E110054D33D /* AudioToolbox.framework in Frameworks */,
				A7E068631AE9A3E500AAEB1B /* CoreGraphics.framework in Frameworks */,
				A7E068611AE9A3DE00AAEB1B /* AVFoundation.framework in Frameworks */,
				A7E0685F1AE9A3D900AAEB1B /* Foundation.framework in Frameworks */,
				A7E0685D1AE9A3C000AAEB1B /* UIKit.framework in Frameworks */,
				A7E0685B1AE9A33600AAEB1B /* MapKit.framework in Frameworks */,
			);
			runOnlyForDeploymentPostprocessing = 0;
		};
		A7B3E85B1AE724E900FBEACD /* Frameworks */ = {
			isa = PBXFrameworksBuildPhase;
			buildActionMask = 2147483647;
			files = (
			);
			runOnlyForDeploymentPostprocessing = 0;
		};
/* End PBXFrameworksBuildPhase section */

/* Begin PBXGroup section */
		A7B3E83C1AE724E900FBEACD = {
			isa = PBXGroup;
			children = (
				A7B3E8471AE724E900FBEACD /* GeoTrail */,
				A7CFE6601AED4DD00054D33D /* Frameworks */,
				A7B3E8611AE724E900FBEACD /* GeoTrailTests */,
				A7B3E8461AE724E900FBEACD /* Products */,
			);
			sourceTree = "<group>";
		};
		A7B3E8461AE724E900FBEACD /* Products */ = {
			isa = PBXGroup;
			children = (
				A7B3E8451AE724E900FBEACD /* GeoTrail.app */,
				A7B3E85E1AE724E900FBEACD /* GeoTrailTests.xctest */,
			);
			name = Products;
			sourceTree = "<group>";
		};
		A7B3E8471AE724E900FBEACD /* GeoTrail */ = {
			isa = PBXGroup;
			children = (
				A72B64271AEF051F00C84DE5 /* AppDelegate.h */,
				A72B64281AEF051F00C84DE5 /* AppDelegate.m */,
				A72B64361AEF051F00C84DE5 /* ViewController.h */,
				A72B64371AEF051F00C84DE5 /* ViewController.m */,
				A76CAE991B3C8FE800A0F598 /* CameraViewController.h */,
				A76CAE9A1B3C8FE800A0F598 /* CameraViewController.m */,
				A72B642A1AEF051F00C84DE5 /* ContactsTableTableViewController.h */,
				A72B642B1AEF051F00C84DE5 /* ContactsTableTableViewController.m */,
				A7A0EEDA1B3475860044AB3B /* CustomInfoWindow.h */,
				A7A0EEDB1B3475860044AB3B /* CustomInfoWindow.m */,
				A72B642D1AEF051F00C84DE5 /* Images.xcassets */,
				A73C9F8E1B1BE9B80023FA8F /* main.m */,
				A7984E6F1B1A972D00692E01 /* InfoWindow.xib */,
				A72B644B1AEF065500C84DE5 /* Main.storyboard */,
				A72B642F1AEF051F00C84DE5 /* LaunchScreen.xib */,
				A76CAE9C1B3CA2B000A0F598 /* checkButton.png */,
				A76CAE9D1B3CA2B000A0F598 /* Xbutton.png */,
				A76CAEA01B3CAC5300A0F598 /* bottomBarPin.png */,
				A72B64291AEF051F00C84DE5 /* CameraButton.png */,
				A72B642E1AEF051F00C84DE5 /* Info.plist */,
				A7A0EEE21B3479370044AB3B /* infoLikesIcon.png */,
				A7A0EEE31B3479370044AB3B /* infoViewsIcon.png */,
				A7A0EEDF1B3478460044AB3B /* infoWindowPolaroid.png */,
				A72B642C1AEF051F00C84DE5 /* frontCamera.png */,
				A7A0EECD1B3473F90044AB3B /* infoWindow.png */,
				A7CEC6BC1B1132870077D6E4 /* eye.png */,
				A76CAEA21B3CAD4F00A0F598 /* bottomBarCamera.png */,
				A76CAEA41B3CAE0F00A0F598 /* bottomBarContacts.png */,
				A72B64351AEF051F00C84DE5 /* viewButton.png */,
			);
			name = GeoTrail;
			path = SnapTrail;
			sourceTree = "<group>";
		};
		A7B3E8611AE724E900FBEACD /* GeoTrailTests */ = {
			isa = PBXGroup;
			children = (
				A72B64451AEF054800C84DE5 /* Info.plist */,
			);
			name = GeoTrailTests;
			path = SnapTrailTests;
			sourceTree = "<group>";
		};
		A7CFE6601AED4DD00054D33D /* Frameworks */ = {
			isa = PBXGroup;
			children = (
				A7CEC6C91B117A0E0077D6E4 /* CoreVideo.framework */,
				A7CEC6C71B117A080077D6E4 /* CoreMedia.framework */,
				A700C11A1AF198BA00D24EFA /* FBAudienceNetwork.framework */,
				A700C11B1AF198BA00D24EFA /* FBSDKCoreKit.framework */,
				A700C11C1AF198BA00D24EFA /* FBSDKLoginKit.framework */,
				A700C11D1AF198BA00D24EFA /* FBSDKMessengerShareKit.framework */,
				A700C11E1AF198BA00D24EFA /* FBSDKShareKit.framework */,
				A700C1141AF1982800D24EFA /* libstdc++.6.dylib */,
				A700C0F81AF192CA00D24EFA /* ParseCrashReporting.framework */,
				A700C0FB1AF192CA00D24EFA /* ParseUI.framework */,
				A700C0F41AF1928200D24EFA /* Bolts.framework */,
				A700C0F51AF1928200D24EFA /* Parse.framework */,
				A700C0F01AF18F0B00D24EFA /* OpenGLES.framework */,
				A700C0EE1AF18EFD00D24EFA /* libicucore.dylib */,
				A700C0EC1AF18EEA00D24EFA /* libc++.dylib */,
				A700C1241AF1AF8500D24EFA /* GoogleMaps.bundle */,
				A700C0EA1AF18EE000D24EFA /* ImageIO.framework */,
				A700C0E81AF18EDB00D24EFA /* GLKit.framework */,
				A700C0E61AF18ED200D24EFA /* CoreText.framework */,
				A700C0E41AF18EC700D24EFA /* CoreData.framework */,
				A700C0DF1AF18C9500D24EFA /* GoogleMaps.framework */,
				A7D8C7C21AEDC74B00DD3725 /* Crashlytics.framework */,
				A7CFE6771AED4E720054D33D /* Social.framework */,
				A7CFE6751AED4E6D0054D33D /* Accounts.framework */,
				A7CFE6731AED4E5F0054D33D /* libsqlite3.dylib */,
				A7CFE6711AED4E520054D33D /* libz.dylib */,
				A7CFE66F1AED4E470054D33D /* SystemConfiguration.framework */,
				A7CFE66D1AED4E3F0054D33D /* StoreKit.framework */,
				A7CFE66B1AED4E3A0054D33D /* Security.framework */,
				A7CFE6691AED4E320054D33D /* QuartzCore.framework */,
				A7CFE6671AED4E2E0054D33D /* MobileCoreServices.framework */,
				A7CFE6651AED4E230054D33D /* CoreLocation.framework */,
				A7CFE6631AED4E150054D33D /* CFNetwork.framework */,
				A7CFE6611AED4E110054D33D /* AudioToolbox.framework */,
				A7E068621AE9A3E500AAEB1B /* CoreGraphics.framework */,
				A7E068601AE9A3DE00AAEB1B /* AVFoundation.framework */,
				A7E0685E1AE9A3D900AAEB1B /* Foundation.framework */,
				A7E0685C1AE9A3C000AAEB1B /* UIKit.framework */,
				A7E0685A1AE9A33600AAEB1B /* MapKit.framework */,
			);
			name = Frameworks;
			sourceTree = "<group>";
		};
/* End PBXGroup section */

/* Begin PBXNativeTarget section */
		A7B3E8441AE724E900FBEACD /* GeoTrail */ = {
			isa = PBXNativeTarget;
			buildConfigurationList = A7B3E8681AE724E900FBEACD /* Build configuration list for PBXNativeTarget "GeoTrail" */;
			buildPhases = (
				A7B3E8411AE724E900FBEACD /* Sources */,
				A7B3E8421AE724E900FBEACD /* Frameworks */,
				A7B3E8431AE724E900FBEACD /* Resources */,
				A7D8C7C11AEDC73400DD3725 /* Run Script */,
			);
			buildRules = (
			);
			dependencies = (
			);
			name = GeoTrail;
			productName = SnapTrail;
			productReference = A7B3E8451AE724E900FBEACD /* GeoTrail.app */;
			productType = "com.apple.product-type.application";
		};
		A7B3E85D1AE724E900FBEACD /* GeoTrailTests */ = {
			isa = PBXNativeTarget;
			buildConfigurationList = A7B3E86B1AE724E900FBEACD /* Build configuration list for PBXNativeTarget "GeoTrailTests" */;
			buildPhases = (
				A7B3E85A1AE724E900FBEACD /* Sources */,
				A7B3E85B1AE724E900FBEACD /* Frameworks */,
				A7B3E85C1AE724E900FBEACD /* Resources */,
			);
			buildRules = (
			);
			dependencies = (
				A7B3E8601AE724E900FBEACD /* PBXTargetDependency */,
			);
			name = GeoTrailTests;
			productName = SnapTrailTests;
			productReference = A7B3E85E1AE724E900FBEACD /* GeoTrailTests.xctest */;
			productType = "com.apple.product-type.bundle.unit-test";
		};
/* End PBXNativeTarget section */

/* Begin PBXProject section */
		A7B3E83D1AE724E900FBEACD /* Project object */ = {
			isa = PBXProject;
			attributes = {
				LastUpgradeCheck = 0640;
				ORGANIZATIONNAME = "Arthur Araujo";
				TargetAttributes = {
					A7B3E8441AE724E900FBEACD = {
						CreatedOnToolsVersion = 6.3;
						DevelopmentTeam = 72H7NZKH7W;
						SystemCapabilities = {
							com.apple.Maps.iOS = {
								enabled = 1;
							};
						};
					};
					A7B3E85D1AE724E900FBEACD = {
						CreatedOnToolsVersion = 6.3;
						TestTargetID = A7B3E8441AE724E900FBEACD;
					};
				};
			};
			buildConfigurationList = A7B3E8401AE724E900FBEACD /* Build configuration list for PBXProject "GeoTrail" */;
			compatibilityVersion = "Xcode 3.2";
			developmentRegion = English;
			hasScannedForEncodings = 0;
			knownRegions = (
				en,
				Base,
			);
			mainGroup = A7B3E83C1AE724E900FBEACD;
			productRefGroup = A7B3E8461AE724E900FBEACD /* Products */;
			projectDirPath = "";
			projectRoot = "";
			targets = (
				A7B3E8441AE724E900FBEACD /* GeoTrail */,
				A7B3E85D1AE724E900FBEACD /* GeoTrailTests */,
			);
		};
/* End PBXProject section */

/* Begin PBXResourcesBuildPhase section */
		A7B3E8431AE724E900FBEACD /* Resources */ = {
			isa = PBXResourcesBuildPhase;
			buildActionMask = 2147483647;
			files = (
				A72B64431AEF051F00C84DE5 /* viewButton.png in Resources */,
				A7A0EEE51B3479370044AB3B /* infoLikesIcon.png in Resources */,
				A72B643E1AEF051F00C84DE5 /* LaunchScreen.xib in Resources */,
				A72B64471AEF054800C84DE5 /* Info.plist in Resources */,
				A76CAE9E1B3CA2B000A0F598 /* checkButton.png in Resources */,
				A76CAEA51B3CAE0F00A0F598 /* bottomBarContacts.png in Resources */,
				A7A0EECE1B3473F90044AB3B /* infoWindow.png in Resources */,
				A72B643C1AEF051F00C84DE5 /* Images.xcassets in Resources */,
				A7CEC6BD1B1132870077D6E4 /* eye.png in Resources */,
				A76CAEA11B3CAC5300A0F598 /* bottomBarPin.png in Resources */,
				A76CAE9F1B3CA2B000A0F598 /* Xbutton.png in Resources */,
				A72B644C1AEF065500C84DE5 /* Main.storyboard in Resources */,
				A72B643B1AEF051F00C84DE5 /* frontCamera.png in Resources */,
				A76CAEA31B3CAD4F00A0F598 /* bottomBarCamera.png in Resources */,
				A7984E701B1A972D00692E01 /* InfoWindow.xib in Resources */,
				A7A0EEE01B3478460044AB3B /* infoWindowPolaroid.png in Resources */,
				A72B64391AEF051F00C84DE5 /* CameraButton.png in Resources */,
				A7A0EEE61B3479370044AB3B /* infoViewsIcon.png in Resources */,
				A700C1251AF1AF8500D24EFA /* GoogleMaps.bundle in Resources */,
			);
			runOnlyForDeploymentPostprocessing = 0;
		};
		A7B3E85C1AE724E900FBEACD /* Resources */ = {
			isa = PBXResourcesBuildPhase;
			buildActionMask = 2147483647;
			files = (
			);
			runOnlyForDeploymentPostprocessing = 0;
		};
/* End PBXResourcesBuildPhase section */

/* Begin PBXShellScriptBuildPhase section */
		A7D8C7C11AEDC73400DD3725 /* Run Script */ = {
			isa = PBXShellScriptBuildPhase;
			buildActionMask = 2147483647;
			files = (
			);
			inputPaths = (
			);
			name = "Run Script";
			outputPaths = (
			);
			runOnlyForDeploymentPostprocessing = 0;
			shellPath = /bin/sh;
			shellScript = "./Crashlytics.framework/run b3f968f6cdf4372d174aad54e4647514c1888e83 4ba1323699a831aab1d8745099d061dc1228dc735dcafba8b6beb8149b38464d";
		};
/* End PBXShellScriptBuildPhase section */

/* Begin PBXSourcesBuildPhase section */
		A7B3E8411AE724E900FBEACD /* Sources */ = {
			isa = PBXSourcesBuildPhase;
			buildActionMask = 2147483647;
			files = (
				A7A0EEDC1B3475860044AB3B /* CustomInfoWindow.m in Sources */,
				A72B64381AEF051F00C84DE5 /* AppDelegate.m in Sources */,
				A72B643A1AEF051F00C84DE5 /* ContactsTableTableViewController.m in Sources */,
				A73C9F8F1B1BE9B80023FA8F /* main.m in Sources */,
				A76CAE9B1B3C8FE800A0F598 /* CameraViewController.m in Sources */,
				A72B64441AEF051F00C84DE5 /* ViewController.m in Sources */,
			);
			runOnlyForDeploymentPostprocessing = 0;
		};
		A7B3E85A1AE724E900FBEACD /* Sources */ = {
			isa = PBXSourcesBuildPhase;
			buildActionMask = 2147483647;
			files = (
			);
			runOnlyForDeploymentPostprocessing = 0;
		};
/* End PBXSourcesBuildPhase section */

/* Begin PBXTargetDependency section */
		A7B3E8601AE724E900FBEACD /* PBXTargetDependency */ = {
			isa = PBXTargetDependency;
			target = A7B3E8441AE724E900FBEACD /* GeoTrail */;
			targetProxy = A7B3E85F1AE724E900FBEACD /* PBXContainerItemProxy */;
		};
/* End PBXTargetDependency section */

/* Begin XCBuildConfiguration section */
		A7B3E8661AE724E900FBEACD /* Debug */ = {
			isa = XCBuildConfiguration;
			buildSettings = {
				ALWAYS_SEARCH_USER_PATHS = NO;
				CLANG_CXX_LANGUAGE_STANDARD = "gnu++0x";
				CLANG_CXX_LIBRARY = "libc++";
				CLANG_ENABLE_MODULES = YES;
				CLANG_ENABLE_OBJC_ARC = YES;
				CLANG_WARN_BOOL_CONVERSION = YES;
				CLANG_WARN_CONSTANT_CONVERSION = YES;
				CLANG_WARN_DIRECT_OBJC_ISA_USAGE = YES_ERROR;
				CLANG_WARN_EMPTY_BODY = YES;
				CLANG_WARN_ENUM_CONVERSION = YES;
				CLANG_WARN_INT_CONVERSION = YES;
				CLANG_WARN_OBJC_ROOT_CLASS = YES_ERROR;
				CLANG_WARN_UNREACHABLE_CODE = YES;
				CLANG_WARN__DUPLICATE_METHOD_MATCH = YES;
				"CODE_SIGN_IDENTITY[sdk=iphoneos*]" = "iPhone Developer";
				COPY_PHASE_STRIP = NO;
				DEBUG_INFORMATION_FORMAT = "dwarf-with-dsym";
				ENABLE_STRICT_OBJC_MSGSEND = YES;
				GCC_C_LANGUAGE_STANDARD = gnu99;
				GCC_DYNAMIC_NO_PIC = NO;
				GCC_NO_COMMON_BLOCKS = YES;
				GCC_OPTIMIZATION_LEVEL = 0;
				GCC_PREPROCESSOR_DEFINITIONS = (
					"DEBUG=1",
					"$(inherited)",
				);
				GCC_SYMBOLS_PRIVATE_EXTERN = NO;
				GCC_WARN_64_TO_32_BIT_CONVERSION = YES;
				GCC_WARN_ABOUT_RETURN_TYPE = YES_ERROR;
				GCC_WARN_UNDECLARED_SELECTOR = YES;
				GCC_WARN_UNINITIALIZED_AUTOS = YES_AGGRESSIVE;
				GCC_WARN_UNUSED_FUNCTION = YES;
				GCC_WARN_UNUSED_VARIABLE = YES;
				IPHONEOS_DEPLOYMENT_TARGET = 8.3;
				MTL_ENABLE_DEBUG_INFO = YES;
				ONLY_ACTIVE_ARCH = YES;
				OTHER_LDFLAGS = "";
				"OTHER_LDFLAGS[arch=*]" = "";
				SDKROOT = iphoneos;
				TARGETED_DEVICE_FAMILY = "1,2";
			};
			name = Debug;
		};
		A7B3E8671AE724E900FBEACD /* Release */ = {
			isa = XCBuildConfiguration;
			buildSettings = {
				ALWAYS_SEARCH_USER_PATHS = NO;
				CLANG_CXX_LANGUAGE_STANDARD = "gnu++0x";
				CLANG_CXX_LIBRARY = "libc++";
				CLANG_ENABLE_MODULES = YES;
				CLANG_ENABLE_OBJC_ARC = YES;
				CLANG_WARN_BOOL_CONVERSION = YES;
				CLANG_WARN_CONSTANT_CONVERSION = YES;
				CLANG_WARN_DIRECT_OBJC_ISA_USAGE = YES_ERROR;
				CLANG_WARN_EMPTY_BODY = YES;
				CLANG_WARN_ENUM_CONVERSION = YES;
				CLANG_WARN_INT_CONVERSION = YES;
				CLANG_WARN_OBJC_ROOT_CLASS = YES_ERROR;
				CLANG_WARN_UNREACHABLE_CODE = YES;
				CLANG_WARN__DUPLICATE_METHOD_MATCH = YES;
				"CODE_SIGN_IDENTITY[sdk=iphoneos*]" = "iPhone Developer";
				COPY_PHASE_STRIP = NO;
				DEBUG_INFORMATION_FORMAT = "dwarf-with-dsym";
				ENABLE_NS_ASSERTIONS = NO;
				ENABLE_STRICT_OBJC_MSGSEND = YES;
				GCC_C_LANGUAGE_STANDARD = gnu99;
				GCC_NO_COMMON_BLOCKS = YES;
				GCC_WARN_64_TO_32_BIT_CONVERSION = YES;
				GCC_WARN_ABOUT_RETURN_TYPE = YES_ERROR;
				GCC_WARN_UNDECLARED_SELECTOR = YES;
				GCC_WARN_UNINITIALIZED_AUTOS = YES_AGGRESSIVE;
				GCC_WARN_UNUSED_FUNCTION = YES;
				GCC_WARN_UNUSED_VARIABLE = YES;
				IPHONEOS_DEPLOYMENT_TARGET = 8.3;
				MTL_ENABLE_DEBUG_INFO = NO;
				OTHER_LDFLAGS = "";
				"OTHER_LDFLAGS[arch=*]" = "";
				SDKROOT = iphoneos;
				TARGETED_DEVICE_FAMILY = "1,2";
				VALIDATE_PRODUCT = YES;
			};
			name = Release;
		};
		A7B3E8691AE724E900FBEACD /* Debug */ = {
			isa = XCBuildConfiguration;
			buildSettings = {
				ASSETCATALOG_COMPILER_APPICON_NAME = AppIcon;
				ASSETCATALOG_COMPILER_LAUNCHIMAGE_NAME = LaunchImage;
				CODE_SIGN_IDENTITY = "iPhone Developer";
				FRAMEWORK_SEARCH_PATHS = (
					"$(inherited)",
					"/Users/arthuraraujo/Downloads/parse-library-1",
					"$(PROJECT_DIR)",
					"$(PROJECT_DIR)/GoogleMaps.framework/Versions/A/Resources/GoogleMaps.bundle",
				);
				INFOPLIST_FILE = "$(SRCROOT)/GeoTrail/Info.plist";
				LD_RUNPATH_SEARCH_PATHS = "$(inherited) @executable_path/Frameworks";
				OTHER_LDFLAGS = "-ObjC";
				"OTHER_LDFLAGS[arch=*]" = "-ObjC";
				PRODUCT_NAME = "$(TARGET_NAME)";
				PROVISIONING_PROFILE = "";
			};
			name = Debug;
		};
		A7B3E86A1AE724E900FBEACD /* Release */ = {
			isa = XCBuildConfiguration;
			buildSettings = {
				ASSETCATALOG_COMPILER_APPICON_NAME = AppIcon;
				ASSETCATALOG_COMPILER_LAUNCHIMAGE_NAME = LaunchImage;
				CODE_SIGN_IDENTITY = "iPhone Developer";
				FRAMEWORK_SEARCH_PATHS = (
					"$(inherited)",
					"/Users/arthuraraujo/Downloads/parse-library-1",
					"$(PROJECT_DIR)",
					"$(PROJECT_DIR)/GoogleMaps.framework/Versions/A/Resources/GoogleMaps.bundle",
				);
				INFOPLIST_FILE = "$(SRCROOT)/GeoTrail/Info.plist";
				LD_RUNPATH_SEARCH_PATHS = "$(inherited) @executable_path/Frameworks";
				OTHER_LDFLAGS = "-ObjC";
				"OTHER_LDFLAGS[arch=*]" = "-ObjC";
				PRODUCT_NAME = "$(TARGET_NAME)";
				PROVISIONING_PROFILE = "";
			};
			name = Release;
		};
		A7B3E86C1AE724E900FBEACD /* Debug */ = {
			isa = XCBuildConfiguration;
			buildSettings = {
				BUNDLE_LOADER = "$(TEST_HOST)";
				FRAMEWORK_SEARCH_PATHS = (
					"$(SDKROOT)/Developer/Library/Frameworks",
					"$(inherited)",
				);
				GCC_PREPROCESSOR_DEFINITIONS = (
					"DEBUG=1",
					"$(inherited)",
				);
				INFOPLIST_FILE = SnapTrailTests/Info.plist;
				LD_RUNPATH_SEARCH_PATHS = "$(inherited) @executable_path/Frameworks @loader_path/Frameworks";
				PRODUCT_NAME = "$(TARGET_NAME)";
				TEST_HOST = "$(BUILT_PRODUCTS_DIR)/SnapTrail.app/SnapTrail";
			};
			name = Debug;
		};
		A7B3E86D1AE724E900FBEACD /* Release */ = {
			isa = XCBuildConfiguration;
			buildSettings = {
				BUNDLE_LOADER = "$(TEST_HOST)";
				FRAMEWORK_SEARCH_PATHS = (
					"$(SDKROOT)/Developer/Library/Frameworks",
					"$(inherited)",
				);
				INFOPLIST_FILE = SnapTrailTests/Info.plist;
				LD_RUNPATH_SEARCH_PATHS = "$(inherited) @executable_path/Frameworks @loader_path/Frameworks";
				PRODUCT_NAME = "$(TARGET_NAME)";
				TEST_HOST = "$(BUILT_PRODUCTS_DIR)/SnapTrail.app/SnapTrail";
			};
			name = Release;
		};
/* End XCBuildConfiguration section */

/* Begin XCConfigurationList section */
		A7B3E8401AE724E900FBEACD /* Build configuration list for PBXProject "GeoTrail" */ = {
			isa = XCConfigurationList;
			buildConfigurations = (
				A7B3E8661AE724E900FBEACD /* Debug */,
				A7B3E8671AE724E900FBEACD /* Release */,
			);
			defaultConfigurationIsVisible = 0;
			defaultConfigurationName = Release;
		};
		A7B3E8681AE724E900FBEACD /* Build configuration list for PBXNativeTarget "GeoTrail" */ = {
			isa = XCConfigurationList;
			buildConfigurations = (
				A7B3E8691AE724E900FBEACD /* Debug */,
				A7B3E86A1AE724E900FBEACD /* Release */,
			);
			defaultConfigurationIsVisible = 0;
			defaultConfigurationName = Release;
		};
		A7B3E86B1AE724E900FBEACD /* Build configuration list for PBXNativeTarget "GeoTrailTests" */ = {
			isa = XCConfigurationList;
			buildConfigurations = (
				A7B3E86C1AE724E900FBEACD /* Debug */,
				A7B3E86D1AE724E900FBEACD /* Release */,
			);
			defaultConfigurationIsVisible = 0;
			defaultConfigurationName = Release;
		};
/* End XCConfigurationList section */
	};
	rootObject = A7B3E83D1AE724E900FBEACD /* Project object */;
}
